
Microsoft Visual Studio Solution File, Format Version 12.00
# Visual Studio Version 17
VisualStudioVersion = 17.14.36221.1 d17.14
MinimumVisualStudioVersion = 10.0.40219.1
Project("{FAE04EC0-301F-11D3-BF4B-00C04F79EFBC}") = "AuthenticationServer", "AuthenticationServer\AuthenticationServer.csproj", "{AE7F34DE-C587-3476-26C4-ABB50FC576FF}"
EndProject
Global
	GlobalSection(SolutionConfigurationPlatforms) = preSolution
		Debug|Any CPU = Debug|Any CPU
		Release|Any CPU = Release|Any CPU
	EndGlobalSection
	GlobalSection(ProjectConfigurationPlatforms) = postSolution
		{AE7F34DE-C587-3476-26C4-ABB50FC576FF}.Debug|Any CPU.ActiveCfg = Debug|Any CPU
		{AE7F34DE-C587-3476-26C4-ABB50FC576FF}.Debug|Any CPU.Build.0 = Debug|Any CPU
		{AE7F34DE-C587-3476-26C4-ABB50FC576FF}.Release|Any CPU.ActiveCfg = Release|Any CPU
		{AE7F34DE-C587-3476-26C4-ABB50FC576FF}.Release|Any CPU.Build.0 = Release|Any CPU
	EndGlobalSection
	GlobalSection(SolutionProperties) = preSolution
		HideSolutionNode = FALSE
	EndGlobalSection
	GlobalSection(ExtensibilityGlobals) = postSolution
		SolutionGuid = {EC5D961B-8BC5-40D5-997C-ED20A911090B}
	EndGlobalSection
EndGlobal
